
Microsoft Visual Studio Solution File, Format Version 12.00
# Visual Studio 2013
VisualStudioVersion = 12.0.31101.0
MinimumVisualStudioVersion = 10.0.40219.1
Project("{FAE04EC0-301F-11D3-BF4B-00C04F79EFBC}") = "Telepathy", "Telepathy\Telepathy.csproj", "{B0F73927-E54C-4E2D-943A-810DAD9597FB}"
EndProject
Global
	GlobalSection(SolutionConfigurationPlatforms) = preSolution
		Debug64|Any CPU = Debug64|Any CPU
		Release|Any CPU = Release|Any CPU
	EndGlobalSection
	GlobalSection(ProjectConfigurationPlatforms) = postSolution
		{B0F73927-E54C-4E2D-943A-810DAD9597FB}.Debug64|Any CPU.ActiveCfg = Debug64|Any CPU
		{B0F73927-E54C-4E2D-943A-810DAD9597FB}.Debug64|Any CPU.Build.0 = Debug64|Any CPU
		{B0F73927-E54C-4E2D-943A-810DAD9597FB}.Release|Any CPU.ActiveCfg = Release|Any CPU
		{B0F73927-E54C-4E2D-943A-810DAD9597FB}.Release|Any CPU.Build.0 = Release|Any CPU
	EndGlobalSection
	GlobalSection(SolutionProperties) = preSolution
		HideSolutionNode = FALSE
	EndGlobalSection
EndGlobal
